
Microsoft Visual Studio Solution File, Format Version 12.00
# Visual Studio Version 17
VisualStudioVersion = 17.5.33424.131
MinimumVisualStudioVersion = 10.0.40219.1
Project("{9A19103F-16F7-4668-BE54-9A1E7A4F7556}") = "OnBaseTradManager", "OnBaseTradManager.csproj", "{485D21A6-4B0F-4F00-86F8-2D5F4AB57DE6}"
EndProject
Project("{C7167F0D-BC9F-4E6E-AFE1-012C56B48DB5}") = "OnBaseTradManager.Package", "..\OnBaseTradManager.Package\OnBaseTradManager.Package.wapproj", "{B21E93CC-E6C1-40AE-9D83-35FA418C424D}"
EndProject
Global
	GlobalSection(SolutionConfigurationPlatforms) = preSolution
		Debug|Any CPU = Debug|Any CPU
		Debug|ARM = Debug|ARM
		Debug|ARM64 = Debug|ARM64
		Debug|x64 = Debug|x64
		Debug|x86 = Debug|x86
		Release|Any CPU = Release|Any CPU
		Release|ARM = Release|ARM
		Release|ARM64 = Release|ARM64
		Release|x64 = Release|x64
		Release|x86 = Release|x86
	EndGlobalSection
	GlobalSection(ProjectConfigurationPlatforms) = postSolution
		{485D21A6-4B0F-4F00-86F8-2D5F4AB57DE6}.Debug|Any CPU.ActiveCfg = Debug|Any CPU
		{485D21A6-4B0F-4F00-86F8-2D5F4AB57DE6}.Debug|Any CPU.Build.0 = Debug|Any CPU
		{485D21A6-4B0F-4F00-86F8-2D5F4AB57DE6}.Debug|ARM.ActiveCfg = Debug|Any CPU
		{485D21A6-4B0F-4F00-86F8-2D5F4AB57DE6}.Debug|ARM.Build.0 = Debug|Any CPU
		{485D21A6-4B0F-4F00-86F8-2D5F4AB57DE6}.Debug|ARM64.ActiveCfg = Debug|Any CPU
		{485D21A6-4B0F-4F00-86F8-2D5F4AB57DE6}.Debug|ARM64.Build.0 = Debug|Any CPU
		{485D21A6-4B0F-4F00-86F8-2D5F4AB57DE6}.Debug|x64.ActiveCfg = Debug|Any CPU
		{485D21A6-4B0F-4F00-86F8-2D5F4AB57DE6}.Debug|x64.Build.0 = Debug|Any CPU
		{485D21A6-4B0F-4F00-86F8-2D5F4AB57DE6}.Debug|x86.ActiveCfg = Debug|Any CPU
		{485D21A6-4B0F-4F00-86F8-2D5F4AB57DE6}.Debug|x86.Build.0 = Debug|Any CPU
		{485D21A6-4B0F-4F00-86F8-2D5F4AB57DE6}.Release|Any CPU.ActiveCfg = Release|Any CPU
		{485D21A6-4B0F-4F00-86F8-2D5F4AB57DE6}.Release|Any CPU.Build.0 = Release|Any CPU
		{485D21A6-4B0F-4F00-86F8-2D5F4AB57DE6}.Release|ARM.ActiveCfg = Release|Any CPU
		{485D21A6-4B0F-4F00-86F8-2D5F4AB57DE6}.Release|ARM.Build.0 = Release|Any CPU
		{485D21A6-4B0F-4F00-86F8-2D5F4AB57DE6}.Release|ARM64.ActiveCfg = Release|Any CPU
		{485D21A6-4B0F-4F00-86F8-2D5F4AB57DE6}.Release|ARM64.Build.0 = Release|Any CPU
		{485D21A6-4B0F-4F00-86F8-2D5F4AB57DE6}.Release|x64.ActiveCfg = Release|Any CPU
		{485D21A6-4B0F-4F00-86F8-2D5F4AB57DE6}.Release|x64.Build.0 = Release|Any CPU
		{485D21A6-4B0F-4F00-86F8-2D5F4AB57DE6}.Release|x86.ActiveCfg = Release|Any CPU
		{485D21A6-4B0F-4F00-86F8-2D5F4AB57DE6}.Release|x86.Build.0 = Release|Any CPU
		{B21E93CC-E6C1-40AE-9D83-35FA418C424D}.Debug|Any CPU.ActiveCfg = Debug|Any CPU
		{B21E93CC-E6C1-40AE-9D83-35FA418C424D}.Debug|Any CPU.Build.0 = Debug|Any CPU
		{B21E93CC-E6C1-40AE-9D83-35FA418C424D}.Debug|Any CPU.Deploy.0 = Debug|Any CPU
		{B21E93CC-E6C1-40AE-9D83-35FA418C424D}.Debug|ARM.ActiveCfg = Debug|ARM
		{B21E93CC-E6C1-40AE-9D83-35FA418C424D}.Debug|ARM.Build.0 = Debug|ARM
		{B21E93CC-E6C1-40AE-9D83-35FA418C424D}.Debug|ARM.Deploy.0 = Debug|ARM
		{B21E93CC-E6C1-40AE-9D83-35FA418C424D}.Debug|ARM64.ActiveCfg = Debug|ARM64
		{B21E93CC-E6C1-40AE-9D83-35FA418C424D}.Debug|ARM64.Build.0 = Debug|ARM64
		{B21E93CC-E6C1-40AE-9D83-35FA418C424D}.Debug|ARM64.Deploy.0 = Debug|ARM64
		{B21E93CC-E6C1-40AE-9D83-35FA418C424D}.Debug|x64.ActiveCfg = Debug|x64
		{B21E93CC-E6C1-40AE-9D83-35FA418C424D}.Debug|x64.Build.0 = Debug|x64
		{B21E93CC-E6C1-40AE-9D83-35FA418C424D}.Debug|x64.Deploy.0 = Debug|x64
		{B21E93CC-E6C1-40AE-9D83-35FA418C424D}.Debug|x86.ActiveCfg = Debug|x86
		{B21E93CC-E6C1-40AE-9D83-35FA418C424D}.Debug|x86.Build.0 = Debug|x86
		{B21E93CC-E6C1-40AE-9D83-35FA418C424D}.Debug|x86.Deploy.0 = Debug|x86
		{B21E93CC-E6C1-40AE-9D83-35FA418C424D}.Release|Any CPU.ActiveCfg = Release|Any CPU
		{B21E93CC-E6C1-40AE-9D83-35FA418C424D}.Release|Any CPU.Build.0 = Release|Any CPU
		{B21E93CC-E6C1-40AE-9D83-35FA418C424D}.Release|Any CPU.Deploy.0 = Release|Any CPU
		{B21E93CC-E6C1-40AE-9D83-35FA418C424D}.Release|ARM.ActiveCfg = Release|ARM
		{B21E93CC-E6C1-40AE-9D83-35FA418C424D}.Release|ARM.Build.0 = Release|ARM
		{B21E93CC-E6C1-40AE-9D83-35FA418C424D}.Release|ARM.Deploy.0 = Release|ARM
		{B21E93CC-E6C1-40AE-9D83-35FA418C424D}.Release|ARM64.ActiveCfg = Release|ARM64
		{B21E93CC-E6C1-40AE-9D83-35FA418C424D}.Release|ARM64.Build.0 = Release|ARM64
		{B21E93CC-E6C1-40AE-9D83-35FA418C424D}.Release|ARM64.Deploy.0 = Release|ARM64
		{B21E93CC-E6C1-40AE-9D83-35FA418C424D}.Release|x64.ActiveCfg = Release|x64
		{B21E93CC-E6C1-40AE-9D83-35FA418C424D}.Release|x64.Build.0 = Release|x64
		{B21E93CC-E6C1-40AE-9D83-35FA418C424D}.Release|x64.Deploy.0 = Release|x64
		{B21E93CC-E6C1-40AE-9D83-35FA418C424D}.Release|x86.ActiveCfg = Release|x86
		{B21E93CC-E6C1-40AE-9D83-35FA418C424D}.Release|x86.Build.0 = Release|x86
		{B21E93CC-E6C1-40AE-9D83-35FA418C424D}.Release|x86.Deploy.0 = Release|x86
	EndGlobalSection
	GlobalSection(SolutionProperties) = preSolution
		HideSolutionNode = FALSE
	EndGlobalSection
	GlobalSection(ExtensibilityGlobals) = postSolution
		SolutionGuid = {0E26B476-0211-4524-A6E8-9F8654B41C20}
	EndGlobalSection
EndGlobal
